# ============== place_block 任务配置 ==============
# 继承自place_object模板，将绿色方块放入粉色碗中

extends: "templates/place_object.yaml"

task_name: "place_block"
description: "将绿色方块抓取并放入粉色碗中"

# ============== 运行时参数覆盖 ==============
runtime_parameters:
  source_object: "block_green"         # 绿色方块
  target_location: "bowl_pink"         # 粉色碗
  approach_height: 0.05                # 降低接近高度到5cm
  grasp_height: 0.005                  # 方块抓取高度
  lift_height: 0.07                    # 提升高度
  place_height: 0.13                   # 放置高度
  final_height: 0.04                   # 最终下降高度
